// !$*UTF8*$!
{
	archiveVersion = 1;
	classes = {
	};
	objectVersion = 77;
	objects = {

/* Begin PBXContainerItemProxy section */
		7E85584A2E9A8FCE0046203D /* PBXContainerItemProxy */ = {
			isa = PBXContainerItemProxy;
			containerPortal = 7E8558342E9A8FCC0046203D /* Project object */;
			proxyType = 1;
			remoteGlobalIDString = 7E85583B2E9A8FCC0046203D;
			remoteInfo = OnboardingViews;
		};
		7E8558542E9A8FCE0046203D /* PBXContainerItemProxy */ = {
			isa = PBXContainerItemProxy;
			containerPortal = 7E8558342E9A8FCC0046203D /* Project object */;
			proxyType = 1;
			remoteGlobalIDString = 7E85583B2E9A8FCC0046203D;
			remoteInfo = OnboardingViews;
		};
/* End PBXContainerItemProxy section */

/* Begin PBXFileReference section */
		7E85583C2E9A8FCC0046203D /* OnboardingViews.app */ = {isa = PBXFileReference; explicitFileType = wrapper.application; includeInIndex = 0; path = OnboardingViews.app; sourceTree = BUILT_PRODUCTS_DIR; };
		7E8558492E9A8FCE0046203D /* OnboardingViewsTests.xctest */ = {isa = PBXFileReference; explicitFileType = wrapper.cfbundle; includeInIndex = 0; path = OnboardingViewsTests.xctest; sourceTree = BUILT_PRODUCTS_DIR; };
		7E8558532E9A8FCE0046203D /* OnboardingViewsUITests.xctest */ = {isa = PBXFileReference; explicitFileType = wrapper.cfbundle; includeInIndex = 0; path = OnboardingViewsUITests.xctest; sourceTree = BUILT_PRODUCTS_DIR; };
/* End PBXFileReference section */

/* Begin PBXFileSystemSynchronizedRootGroup section */
		7E85583E2E9A8FCC0046203D /* OnboardingViews */ = {
			isa = PBXFileSystemSynchronizedRootGroup;
			path = OnboardingViews;
			sourceTree = "<group>";
		};
		7E85584C2E9A8FCE0046203D /* OnboardingViewsTests */ = {
			isa = PBXFileSystemSynchronizedRootGroup;
			path = OnboardingViewsTests;
			sourceTree = "<group>";
		};
		7E8558562E9A8FCE0046203D /* OnboardingViewsUITests */ = {
			isa = PBXFileSystemSynchronizedRootGroup;
			path = OnboardingViewsUITests;
			sourceTree = "<group>";
		};
/* End PBXFileSystemSynchronizedRootGroup section */

/* Begin PBXFrameworksBuildPhase section */
		7E8558392E9A8FCC0046203D /* Frameworks */ = {
			isa = PBXFrameworksBuildPhase;
			buildActionMask = 2147483647;
			files = (
			);
			runOnlyForDeploymentPostprocessing = 0;
		};
		7E8558462E9A8FCE0046203D /* Frameworks */ = {
			isa = PBXFrameworksBuildPhase;
			buildActionMask = 2147483647;
			files = (
			);
			runOnlyForDeploymentPostprocessing = 0;
		};
		7E8558502E9A8FCE0046203D /* Frameworks */ = {
			isa = PBXFrameworksBuildPhase;
			buildActionMask = 2147483647;
			files = (
			);
			runOnlyForDeploymentPostprocessing = 0;
		};
/* End PBXFrameworksBuildPhase section */

/* Begin PBXGroup section */
		7E8558332E9A8FCC0046203D = {
			isa = PBXGroup;
			children = (
				7E85583E2E9A8FCC0046203D /* OnboardingViews */,
				7E85584C2E9A8FCE0046203D /* OnboardingViewsTests */,
				7E8558562E9A8FCE0046203D /* OnboardingViewsUITests */,
				7E85583D2E9A8FCC0046203D /* Products */,
			);
			sourceTree = "<group>";
		};
		7E85583D2E9A8FCC0046203D /* Products */ = {
			isa = PBXGroup;
			children = (
				7E85583C2E9A8FCC0046203D /* OnboardingViews.app */,
				7E8558492E9A8FCE0046203D /* OnboardingViewsTests.xctest */,
				7E8558532E9A8FCE0046203D /* OnboardingViewsUITests.xctest */,
			);
			name = Products;
			sourceTree = "<group>";
		};
/* End PBXGroup section */

/* Begin PBXNativeTarget section */
		7E85583B2E9A8FCC0046203D /* OnboardingViews */ = {
			isa = PBXNativeTarget;
			buildConfigurationList = 7E85585D2E9A8FCE0046203D /* Build configuration list for PBXNativeTarget "OnboardingViews" */;
			buildPhases = (
				7E8558382E9A8FCC0046203D /* Sources */,
				7E8558392E9A8FCC0046203D /* Frameworks */,
				7E85583A2E9A8FCC0046203D /* Resources */,
			);
			buildRules = (
			);
			dependencies = (
			);
			fileSystemSynchronizedGroups = (
				7E85583E2E9A8FCC0046203D /* OnboardingViews */,
			);
			name = OnboardingViews;
			packageProductDependencies = (
			);
			productName = OnboardingViews;
			productReference = 7E85583C2E9A8FCC0046203D /* OnboardingViews.app */;
			productType = "com.apple.product-type.application";
		};
		7E8558482E9A8FCE0046203D /* OnboardingViewsTests */ = {
			isa = PBXNativeTarget;
			buildConfigurationList = 7E8558602E9A8FCE0046203D /* Build configuration list for PBXNativeTarget "OnboardingViewsTests" */;
			buildPhases = (
				7E8558452E9A8FCE0046203D /* Sources */,
				7E8558462E9A8FCE0046203D /* Frameworks */,
				7E8558472E9A8FCE0046203D /* Resources */,
			);
			buildRules = (
			);
			dependencies = (
				7E85584B2E9A8FCE0046203D /* PBXTargetDependency */,
			);
			fileSystemSynchronizedGroups = (
				7E85584C2E9A8FCE0046203D /* OnboardingViewsTests */,
			);
			name = OnboardingViewsTests;
			packageProductDependencies = (
			);
			productName = OnboardingViewsTests;
			productReference = 7E8558492E9A8FCE0046203D /* OnboardingViewsTests.xctest */;
			productType = "com.apple.product-type.bundle.unit-test";
		};
		7E8558522E9A8FCE0046203D /* OnboardingViewsUITests */ = {
			isa = PBXNativeTarget;
			buildConfigurationList = 7E8558632E9A8FCE0046203D /* Build configuration list for PBXNativeTarget "OnboardingViewsUITests" */;
			buildPhases = (
				7E85584F2E9A8FCE0046203D /* Sources */,
				7E8558502E9A8FCE0046203D /* Frameworks */,
				7E8558512E9A8FCE0046203D /* Resources */,
			);
			buildRules = (
			);
			dependencies = (
				7E8558552E9A8FCE0046203D /* PBXTargetDependency */,
			);
			fileSystemSynchronizedGroups = (
				7E8558562E9A8FCE0046203D /* OnboardingViewsUITests */,
			);
			name = OnboardingViewsUITests;
			packageProductDependencies = (
			);
			productName = OnboardingViewsUITests;
			productReference = 7E8558532E9A8FCE0046203D /* OnboardingViewsUITests.xctest */;
			productType = "com.apple.product-type.bundle.ui-testing";
		};
/* End PBXNativeTarget section */

/* Begin PBXProject section */
		7E8558342E9A8FCC0046203D /* Project object */ = {
			isa = PBXProject;
			attributes = {
				BuildIndependentTargetsInParallel = 1;
				LastSwiftUpdateCheck = 1640;
				LastUpgradeCheck = 1640;
				TargetAttributes = {
					7E85583B2E9A8FCC0046203D = {
						CreatedOnToolsVersion = 16.4;
					};
					7E8558482E9A8FCE0046203D = {
						CreatedOnToolsVersion = 16.4;
						TestTargetID = 7E85583B2E9A8FCC0046203D;
					};
					7E8558522E9A8FCE0046203D = {
						CreatedOnToolsVersion = 16.4;
						TestTargetID = 7E85583B2E9A8FCC0046203D;
					};
				};
			};
			buildConfigurationList = 7E8558372E9A8FCC0046203D /* Build configuration list for PBXProject "OnboardingViews" */;
			developmentRegion = en;
			hasScannedForEncodings = 0;
			knownRegions = (
				en,
				Base,
			);
			mainGroup = 7E8558332E9A8FCC0046203D;
			minimizedProjectReferenceProxies = 1;
			preferredProjectObjectVersion = 77;
			productRefGroup = 7E85583D2E9A8FCC0046203D /* Products */;
			projectDirPath = "";
			projectRoot = "";
			targets = (
				7E85583B2E9A8FCC0046203D /* OnboardingViews */,
				7E8558482E9A8FCE0046203D /* OnboardingViewsTests */,
				7E8558522E9A8FCE0046203D /* OnboardingViewsUITests */,
			);
		};
/* End PBXProject section */

/* Begin PBXResourcesBuildPhase section */
		7E85583A2E9A8FCC0046203D /* Resources */ = {
			isa = PBXResourcesBuildPhase;
			buildActionMask = 2147483647;
			files = (
			);
			runOnlyForDeploymentPostprocessing = 0;
		};
		7E8558472E9A8FCE0046203D /* Resources */ = {
			isa = PBXResourcesBuildPhase;
			buildActionMask = 2147483647;
			files = (
			);
			runOnlyForDeploymentPostprocessing = 0;
		};
		7E8558512E9A8FCE0046203D /* Resources */ = {
			isa = PBXResourcesBuildPhase;
			buildActionMask = 2147483647;
			files = (
			);
			runOnlyForDeploymentPostprocessing = 0;
		};
/* End PBXResourcesBuildPhase section */

/* Begin PBXSourcesBuildPhase section */
		7E8558382E9A8FCC0046203D /* Sources */ = {
			isa = PBXSourcesBuildPhase;
			buildActionMask = 2147483647;
			files = (
			);
			runOnlyForDeploymentPostprocessing = 0;
		};
		7E8558452E9A8FCE0046203D /* Sources */ = {
			isa = PBXSourcesBuildPhase;
			buildActionMask = 2147483647;
			files = (
			);
			runOnlyForDeploymentPostprocessing = 0;
		};
		7E85584F2E9A8FCE0046203D /* Sources */ = {
			isa = PBXSourcesBuildPhase;
			buildActionMask = 2147483647;
			files = (
			);
			runOnlyForDeploymentPostprocessing = 0;
		};
/* End PBXSourcesBuildPhase section */

/* Begin PBXTargetDependency section */
		7E85584B2E9A8FCE0046203D /* PBXTargetDependency */ = {
			isa = PBXTargetDependency;
			target = 7E85583B2E9A8FCC0046203D /* OnboardingViews */;
			targetProxy = 7E85584A2E9A8FCE0046203D /* PBXContainerItemProxy */;
		};
		7E8558552E9A8FCE0046203D /* PBXTargetDependency */ = {
			isa = PBXTargetDependency;
			target = 7E85583B2E9A8FCC0046203D /* OnboardingViews */;
			targetProxy = 7E8558542E9A8FCE0046203D /* PBXContainerItemProxy */;
		};
/* End PBXTargetDependency section */

/* Begin XCBuildConfiguration section */
		7E85585B2E9A8FCE0046203D /* Debug */ = {
			isa = XCBuildConfiguration;
			buildSettings = {
				ALWAYS_SEARCH_USER_PATHS = NO;
				ASSETCATALOG_COMPILER_GENERATE_SWIFT_ASSET_SYMBOL_EXTENSIONS = YES;
				CLANG_ANALYZER_NONNULL = YES;
				CLANG_ANALYZER_NUMBER_OBJECT_CONVERSION = YES_AGGRESSIVE;
				CLANG_CXX_LANGUAGE_STANDARD = "gnu++20";
				CLANG_ENABLE_MODULES = YES;
				CLANG_ENABLE_OBJC_ARC = YES;
				CLANG_ENABLE_OBJC_WEAK = YES;
				CLANG_WARN_BLOCK_CAPTURE_AUTORELEASING = YES;
				CLANG_WARN_BOOL_CONVERSION = YES;
				CLANG_WARN_COMMA = YES;
				CLANG_WARN_CONSTANT_CONVERSION = YES;
				CLANG_WARN_DEPRECATED_OBJC_IMPLEMENTATIONS = YES;
				CLANG_WARN_DIRECT_OBJC_ISA_USAGE = YES_ERROR;
				CLANG_WARN_DOCUMENTATION_COMMENTS = YES;
				CLANG_WARN_EMPTY_BODY = YES;
				CLANG_WARN_ENUM_CONVERSION = YES;
				CLANG_WARN_INFINITE_RECURSION = YES;
				CLANG_WARN_INT_CONVERSION = YES;
				CLANG_WARN_NON_LITERAL_NULL_CONVERSION = YES;
				CLANG_WARN_OBJC_IMPLICIT_RETAIN_SELF = YES;
				CLANG_WARN_OBJC_LITERAL_CONVERSION = YES;
				CLANG_WARN_OBJC_ROOT_CLASS = YES_ERROR;
				CLANG_WARN_QUOTED_INCLUDE_IN_FRAMEWORK_HEADER = YES;
				CLANG_WARN_RANGE_LOOP_ANALYSIS = YES;
				CLANG_WARN_STRICT_PROTOTYPES = YES;
				CLANG_WARN_SUSPICIOUS_MOVE = YES;
				CLANG_WARN_UNGUARDED_AVAILABILITY = YES_AGGRESSIVE;
				CLANG_WARN_UNREACHABLE_CODE = YES;
				CLANG_WARN__DUPLICATE_METHOD_MATCH = YES;
				COPY_PHASE_STRIP = NO;
				DEBUG_INFORMATION_FORMAT = dwarf;
				DEVELOPMENT_TEAM = M84766KQ6G;
				ENABLE_STRICT_OBJC_MSGSEND = YES;
				ENABLE_TESTABILITY = YES;
				ENABLE_USER_SCRIPT_SANDBOXING = YES;
				GCC_C_LANGUAGE_STANDARD = gnu17;
				GCC_DYNAMIC_NO_PIC = NO;
				GCC_NO_COMMON_BLOCKS = YES;
				GCC_OPTIMIZATION_LEVEL = 0;
				GCC_PREPROCESSOR_DEFINITIONS = (
					"DEBUG=1",
					"$(inherited)",
				);
				GCC_WARN_64_TO_32_BIT_CONVERSION = YES;
				GCC_WARN_ABOUT_RETURN_TYPE = YES_ERROR;
				GCC_WARN_UNDECLARED_SELECTOR = YES;
				GCC_WARN_UNINITIALIZED_AUTOS = YES_AGGRESSIVE;
				GCC_WARN_UNUSED_FUNCTION = YES;
				GCC_WARN_UNUSED_VARIABLE = YES;
				IPHONEOS_DEPLOYMENT_TARGET = 18.5;
				LOCALIZATION_PREFERS_STRING_CATALOGS = YES;
				MTL_ENABLE_DEBUG_INFO = INCLUDE_SOURCE;
				MTL_FAST_MATH = YES;
				ONLY_ACTIVE_ARCH = YES;
				SDKROOT = iphoneos;
				SWIFT_ACTIVE_COMPILATION_CONDITIONS = "DEBUG $(inherited)";
				SWIFT_OPTIMIZATION_LEVEL = "-Onone";
			};
			name = Debug;
		};
		7E85585C2E9A8FCE0046203D /* Release */ = {
			isa = XCBuildConfiguration;
			buildSettings = {
				ALWAYS_SEARCH_USER_PATHS = NO;
				ASSETCATALOG_COMPILER_GENERATE_SWIFT_ASSET_SYMBOL_EXTENSIONS = YES;
				CLANG_ANALYZER_NONNULL = YES;
				CLANG_ANALYZER_NUMBER_OBJECT_CONVERSION = YES_AGGRESSIVE;
				CLANG_CXX_LANGUAGE_STANDARD = "gnu++20";
				CLANG_ENABLE_MODULES = YES;
				CLANG_ENABLE_OBJC_ARC = YES;
				CLANG_ENABLE_OBJC_WEAK = YES;
				CLANG_WARN_BLOCK_CAPTURE_AUTORELEASING = YES;
				CLANG_WARN_BOOL_CONVERSION = YES;
				CLANG_WARN_COMMA = YES;
				CLANG_WARN_CONSTANT_CONVERSION = YES;
				CLANG_WARN_DEPRECATED_OBJC_IMPLEMENTATIONS = YES;
				CLANG_WARN_DIRECT_OBJC_ISA_USAGE = YES_ERROR;
				CLANG_WARN_DOCUMENTATION_COMMENTS = YES;
				CLANG_WARN_EMPTY_BODY = YES;
				CLANG_WARN_ENUM_CONVERSION = YES;
				CLANG_WARN_INFINITE_RECURSION = YES;
				CLANG_WARN_INT_CONVERSION = YES;
				CLANG_WARN_NON_LITERAL_NULL_CONVERSION = YES;
				CLANG_WARN_OBJC_IMPLICIT_RETAIN_SELF = YES;
				CLANG_WARN_OBJC_LITERAL_CONVERSION = YES;
				CLANG_WARN_OBJC_ROOT_CLASS = YES_ERROR;
				CLANG_WARN_QUOTED_INCLUDE_IN_FRAMEWORK_HEADER = YES;
				CLANG_WARN_RANGE_LOOP_ANALYSIS = YES;
				CLANG_WARN_STRICT_PROTOTYPES = YES;
				CLANG_WARN_SUSPICIOUS_MOVE = YES;
				CLANG_WARN_UNGUARDED_AVAILABILITY = YES_AGGRESSIVE;
				CLANG_WARN_UNREACHABLE_CODE = YES;
				CLANG_WARN__DUPLICATE_METHOD_MATCH = YES;
				COPY_PHASE_STRIP = NO;
				DEBUG_INFORMATION_FORMAT = "dwarf-with-dsym";
				DEVELOPMENT_TEAM = M84766KQ6G;
				ENABLE_NS_ASSERTIONS = NO;
				ENABLE_STRICT_OBJC_MSGSEND = YES;
				ENABLE_USER_SCRIPT_SANDBOXING = YES;
				GCC_C_LANGUAGE_STANDARD = gnu17;
				GCC_NO_COMMON_BLOCKS = YES;
				GCC_WARN_64_TO_32_BIT_CONVERSION = YES;
				GCC_WARN_ABOUT_RETURN_TYPE = YES_ERROR;
				GCC_WARN_UNDECLARED_SELECTOR = YES;
				GCC_WARN_UNINITIALIZED_AUTOS = YES_AGGRESSIVE;
				GCC_WARN_UNUSED_FUNCTION = YES;
				GCC_WARN_UNUSED_VARIABLE = YES;
				IPHONEOS_DEPLOYMENT_TARGET = 18.5;
				LOCALIZATION_PREFERS_STRING_CATALOGS = YES;
				MTL_ENABLE_DEBUG_INFO = NO;
				MTL_FAST_MATH = YES;
				SDKROOT = iphoneos;
				SWIFT_COMPILATION_MODE = wholemodule;
				VALIDATE_PRODUCT = YES;
			};
			name = Release;
		};
		7E85585E2E9A8FCE0046203D /* Debug */ = {
			isa = XCBuildConfiguration;
			buildSettings = {
				ASSETCATALOG_COMPILER_APPICON_NAME = AppIcon;
				ASSETCATALOG_COMPILER_GLOBAL_ACCENT_COLOR_NAME = AccentColor;
				CODE_SIGN_STYLE = Automatic;
				CURRENT_PROJECT_VERSION = 1;
				DEVELOPMENT_TEAM = M84766KQ6G;
				ENABLE_PREVIEWS = YES;
				GENERATE_INFOPLIST_FILE = YES;
				INFOPLIST_KEY_UIApplicationSceneManifest_Generation = YES;
				INFOPLIST_KEY_UIApplicationSupportsIndirectInputEvents = YES;
				INFOPLIST_KEY_UILaunchScreen_Generation = YES;
				INFOPLIST_KEY_UISupportedInterfaceOrientations_iPad = "UIInterfaceOrientationPortrait UIInterfaceOrientationPortraitUpsideDown UIInterfaceOrientationLandscapeLeft UIInterfaceOrientationLandscapeRight";
				INFOPLIST_KEY_UISupportedInterfaceOrientations_iPhone = "UIInterfaceOrientationPortrait UIInterfaceOrientationLandscapeLeft UIInterfaceOrientationLandscapeRight";
				LD_RUNPATH_SEARCH_PATHS = (
					"$(inherited)",
					"@executable_path/Frameworks",
				);
				MARKETING_VERSION = 1.0;
				PRODUCT_BUNDLE_IDENTIFIER = mandi.pratik.OnboardingViews;
				PRODUCT_NAME = "$(TARGET_NAME)";
				SWIFT_EMIT_LOC_STRINGS = YES;
				SWIFT_VERSION = 5.0;
				TARGETED_DEVICE_FAMILY = "1,2";
			};
			name = Debug;
		};
		7E85585F2E9A8FCE0046203D /* Release */ = {
			isa = XCBuildConfiguration;
			buildSettings = {
				ASSETCATALOG_COMPILER_APPICON_NAME = AppIcon;
				ASSETCATALOG_COMPILER_GLOBAL_ACCENT_COLOR_NAME = AccentColor;
				CODE_SIGN_STYLE = Automatic;
				CURRENT_PROJECT_VERSION = 1;
				DEVELOPMENT_TEAM = M84766KQ6G;
				ENABLE_PREVIEWS = YES;
				GENERATE_INFOPLIST_FILE = YES;
				INFOPLIST_KEY_UIApplicationSceneManifest_Generation = YES;
				INFOPLIST_KEY_UIApplicationSupportsIndirectInputEvents = YES;
				INFOPLIST_KEY_UILaunchScreen_Generation = YES;
				INFOPLIST_KEY_UISupportedInterfaceOrientations_iPad = "UIInterfaceOrientationPortrait UIInterfaceOrientationPortraitUpsideDown UIInterfaceOrientationLandscapeLeft UIInterfaceOrientationLandscapeRight";
				INFOPLIST_KEY_UISupportedInterfaceOrientations_iPhone = "UIInterfaceOrientationPortrait UIInterfaceOrientationLandscapeLeft UIInterfaceOrientationLandscapeRight";
				LD_RUNPATH_SEARCH_PATHS = (
					"$(inherited)",
					"@executable_path/Frameworks",
				);
				MARKETING_VERSION = 1.0;
				PRODUCT_BUNDLE_IDENTIFIER = mandi.pratik.OnboardingViews;
				PRODUCT_NAME = "$(TARGET_NAME)";
				SWIFT_EMIT_LOC_STRINGS = YES;
				SWIFT_VERSION = 5.0;
				TARGETED_DEVICE_FAMILY = "1,2";
			};
			name = Release;
		};
		7E8558612E9A8FCE0046203D /* Debug */ = {
			isa = XCBuildConfiguration;
			buildSettings = {
				BUNDLE_LOADER = "$(TEST_HOST)";
				CODE_SIGN_STYLE = Automatic;
				CURRENT_PROJECT_VERSION = 1;
				DEVELOPMENT_TEAM = M84766KQ6G;
				GENERATE_INFOPLIST_FILE = YES;
				IPHONEOS_DEPLOYMENT_TARGET = 18.5;
				MARKETING_VERSION = 1.0;
				PRODUCT_BUNDLE_IDENTIFIER = mandi.pratik.OnboardingViewsTests;
				PRODUCT_NAME = "$(TARGET_NAME)";
				SWIFT_EMIT_LOC_STRINGS = NO;
				SWIFT_VERSION = 5.0;
				TARGETED_DEVICE_FAMILY = "1,2";
				TEST_HOST = "$(BUILT_PRODUCTS_DIR)/OnboardingViews.app/$(BUNDLE_EXECUTABLE_FOLDER_PATH)/OnboardingViews";
			};
			name = Debug;
		};
		7E8558622E9A8FCE0046203D /* Release */ = {
			isa = XCBuildConfiguration;
			buildSettings = {
				BUNDLE_LOADER = "$(TEST_HOST)";
				CODE_SIGN_STYLE = Automatic;
				CURRENT_PROJECT_VERSION = 1;
				DEVELOPMENT_TEAM = M84766KQ6G;
				GENERATE_INFOPLIST_FILE = YES;
				IPHONEOS_DEPLOYMENT_TARGET = 18.5;
				MARKETING_VERSION = 1.0;
				PRODUCT_BUNDLE_IDENTIFIER = mandi.pratik.OnboardingViewsTests;
				PRODUCT_NAME = "$(TARGET_NAME)";
				SWIFT_EMIT_LOC_STRINGS = NO;
				SWIFT_VERSION = 5.0;
				TARGETED_DEVICE_FAMILY = "1,2";
				TEST_HOST = "$(BUILT_PRODUCTS_DIR)/OnboardingViews.app/$(BUNDLE_EXECUTABLE_FOLDER_PATH)/OnboardingViews";
			};
			name = Release;
		};
		7E8558642E9A8FCE0046203D /* Debug */ = {
			isa = XCBuildConfiguration;
			buildSettings = {
				CODE_SIGN_STYLE = Automatic;
				CURRENT_PROJECT_VERSION = 1;
				DEVELOPMENT_TEAM = M84766KQ6G;
				GENERATE_INFOPLIST_FILE = YES;
				MARKETING_VERSION = 1.0;
				PRODUCT_BUNDLE_IDENTIFIER = mandi.pratik.OnboardingViewsUITests;
				PRODUCT_NAME = "$(TARGET_NAME)";
				SWIFT_EMIT_LOC_STRINGS = NO;
				SWIFT_VERSION = 5.0;
				TARGETED_DEVICE_FAMILY = "1,2";
				TEST_TARGET_NAME = OnboardingViews;
			};
			name = Debug;
		};
		7E8558652E9A8FCE0046203D /* Release */ = {
			isa = XCBuildConfiguration;
			buildSettings = {
				CODE_SIGN_STYLE = Automatic;
				CURRENT_PROJECT_VERSION = 1;
				DEVELOPMENT_TEAM = M84766KQ6G;
				GENERATE_INFOPLIST_FILE = YES;
				MARKETING_VERSION = 1.0;
				PRODUCT_BUNDLE_IDENTIFIER = mandi.pratik.OnboardingViewsUITests;
				PRODUCT_NAME = "$(TARGET_NAME)";
				SWIFT_EMIT_LOC_STRINGS = NO;
				SWIFT_VERSION = 5.0;
				TARGETED_DEVICE_FAMILY = "1,2";
				TEST_TARGET_NAME = OnboardingViews;
			};
			name = Release;
		};
/* End XCBuildConfiguration section */

/* Begin XCConfigurationList section */
		7E8558372E9A8FCC0046203D /* Build configuration list for PBXProject "OnboardingViews" */ = {
			isa = XCConfigurationList;
			buildConfigurations = (
				7E85585B2E9A8FCE0046203D /* Debug */,
				7E85585C2E9A8FCE0046203D /* Release */,
			);
			defaultConfigurationIsVisible = 0;
			defaultConfigurationName = Release;
		};
		7E85585D2E9A8FCE0046203D /* Build configuration list for PBXNativeTarget "OnboardingViews" */ = {
			isa = XCConfigurationList;
			buildConfigurations = (
				7E85585E2E9A8FCE0046203D /* Debug */,
				7E85585F2E9A8FCE0046203D /* Release */,
			);
			defaultConfigurationIsVisible = 0;
			defaultConfigurationName = Release;
		};
		7E8558602E9A8FCE0046203D /* Build configuration list for PBXNativeTarget "OnboardingViewsTests" */ = {
			isa = XCConfigurationList;
			buildConfigurations = (
				7E8558612E9A8FCE0046203D /* Debug */,
				7E8558622E9A8FCE0046203D /* Release */,
			);
			defaultConfigurationIsVisible = 0;
			defaultConfigurationName = Release;
		};
		7E8558632E9A8FCE0046203D /* Build configuration list for PBXNativeTarget "OnboardingViewsUITests" */ = {
			isa = XCConfigurationList;
			buildConfigurations = (
				7E8558642E9A8FCE0046203D /* Debug */,
				7E8558652E9A8FCE0046203D /* Release */,
			);
			defaultConfigurationIsVisible = 0;
			defaultConfigurationName = Release;
		};
/* End XCConfigurationList section */
	};
	rootObject = 7E8558342E9A8FCC0046203D /* Project object */;
}
